// !$*UTF8*$!
{
	archiveVersion = 1;
	classes = {
	};
	objectVersion = 46;
	objects = {

/* Begin PBXBuildFile section */
		7EECC6B61AC2888D000CB48C /* main.m in Sources */ = {isa = PBXBuildFile; fileRef = 7EECC6B51AC2888D000CB48C /* main.m */; };
		7EECC6B91AC2888D000CB48C /* AppDelegate.m in Sources */ = {isa = PBXBuildFile; fileRef = 7EECC6B81AC2888D000CB48C /* AppDelegate.m */; };
		7EECC6BC1AC2888D000CB48C /* ViewController.m in Sources */ = {isa = PBXBuildFile; fileRef = 7EECC6BB1AC2888D000CB48C /* ViewController.m */; };
		7EECC6BF1AC2888D000CB48C /* Main.storyboard in Resources */ = {isa = PBXBuildFile; fileRef = 7EECC6BD1AC2888D000CB48C /* Main.storyboard */; };
		7EECC6C11AC2888D000CB48C /* Images.xcassets in Resources */ = {isa = PBXBuildFile; fileRef = 7EECC6C01AC2888D000CB48C /* Images.xcassets */; };
		7EECC6C41AC2888D000CB48C /* LaunchScreen.xib in Resources */ = {isa = PBXBuildFile; fileRef = 7EECC6C21AC2888D000CB48C /* LaunchScreen.xib */; };
		7EECC6D01AC2888D000CB48C /* ProjectDemoTests.m in Sources */ = {isa = PBXBuildFile; fileRef = 7EECC6CF1AC2888D000CB48C /* ProjectDemoTests.m */; };
/* End PBXBuildFile section */

/* Begin PBXContainerItemProxy section */
		7EECC6CA1AC2888D000CB48C /* PBXContainerItemProxy */ = {
			isa = PBXContainerItemProxy;
			containerPortal = 7EECC6A81AC2888C000CB48C /* Project object */;
			proxyType = 1;
			remoteGlobalIDString = 7EECC6AF1AC2888D000CB48C;
			remoteInfo = ProjectDemo;
		};
/* End PBXContainerItemProxy section */

/* Begin PBXFileReference section */
		7EECC6B01AC2888D000CB48C /* ProjectDemo.app */ = {isa = PBXFileReference; explicitFileType = wrapper.application; includeInIndex = 0; path = ProjectDemo.app; sourceTree = BUILT_PRODUCTS_DIR; };
		7EECC6B41AC2888D000CB48C /* Info.plist */ = {isa = PBXFileReference; lastKnownFileType = text.plist.xml; path = Info.plist; sourceTree = "<group>"; };
		7EECC6B51AC2888D000CB48C /* main.m */ = {isa = PBXFileReference; lastKnownFileType = sourcecode.c.objc; path = main.m; sourceTree = "<group>"; };
		7EECC6B71AC2888D000CB48C /* AppDelegate.h */ = {isa = PBXFileReference; lastKnownFileType = sourcecode.c.h; path = AppDelegate.h; sourceTree = "<group>"; };
		7EECC6B81AC2888D000CB48C /* AppDelegate.m */ = {isa = PBXFileReference; lastKnownFileType = sourcecode.c.objc; path = AppDelegate.m; sourceTree = "<group>"; };
		7EECC6BA1AC2888D000CB48C /* ViewController.h */ = {isa = PBXFileReference; lastKnownFileType = sourcecode.c.h; path = ViewController.h; sourceTree = "<group>"; };
		7EECC6BB1AC2888D000CB48C /* ViewController.m */ = {isa = PBXFileReference; lastKnownFileType = sourcecode.c.objc; path = ViewController.m; sourceTree = "<group>"; };
		7EECC6BE1AC2888D000CB48C /* Base */ = {isa = PBXFileReference; lastKnownFileType = file.storyboard; name = Base; path = Base.lproj/Main.storyboard; sourceTree = "<group>"; };
		7EECC6C01AC2888D000CB48C /* Images.xcassets */ = {isa = PBXFileReference; lastKnownFileType = folder.assetcatalog; path = Images.xcassets; sourceTree = "<group>"; };
		7EECC6C31AC2888D000CB48C /* Base */ = {isa = PBXFileReference; lastKnownFileType = file.xib; name = Base; path = Base.lproj/LaunchScreen.xib; sourceTree = "<group>"; };
		7EECC6C91AC2888D000CB48C /* ProjectDemoTests.xctest */ = {isa = PBXFileReference; explicitFileType = wrapper.cfbundle; includeInIndex = 0; path = ProjectDemoTests.xctest; sourceTree = BUILT_PRODUCTS_DIR; };
		7EECC6CE1AC2888D000CB48C /* Info.plist */ = {isa = PBXFileReference; lastKnownFileType = text.plist.xml; path = Info.plist; sourceTree = "<group>"; };
		7EECC6CF1AC2888D000CB48C /* ProjectDemoTests.m */ = {isa = PBXFileReference; lastKnownFileType = sourcecode.c.objc; path = ProjectDemoTests.m; sourceTree = "<group>"; };
/* End PBXFileReference section */

/* Begin PBXFrameworksBuildPhase section */
		7EECC6AD1AC2888D000CB48C /* Frameworks */ = {
			isa = PBXFrameworksBuildPhase;
			buildActionMask = 2147483647;
			files = (
			);
			runOnlyForDeploymentPostprocessing = 0;
		};
		7EECC6C61AC2888D000CB48C /* Frameworks */ = {
			isa = PBXFrameworksBuildPhase;
			buildActionMask = 2147483647;
			files = (
			);
			runOnlyForDeploymentPostprocessing = 0;
		};
/* End PBXFrameworksBuildPhase section */

/* Begin PBXGroup section */
		7EECC6A71AC2888C000CB48C = {
			isa = PBXGroup;
			children = (
				7EECC6B21AC2888D000CB48C /* ProjectDemo */,
				7EECC6CC1AC2888D000CB48C /* ProjectDemoTests */,
				7EECC6B11AC2888D000CB48C /* Products */,
			);
			sourceTree = "<group>";
		};
		7EECC6B11AC2888D000CB48C /* Products */ = {
			isa = PBXGroup;
			children = (
				7EECC6B01AC2888D000CB48C /* ProjectDemo.app */,
				7EECC6C91AC2888D000CB48C /* ProjectDemoTests.xctest */,
			);
			name = Products;
			sourceTree = "<group>";
		};
		7EECC6B21AC2888D000CB48C /* ProjectDemo */ = {
			isa = PBXGroup;
			children = (
				7EECC6B71AC2888D000CB48C /* AppDelegate.h */,
				7EECC6B81AC2888D000CB48C /* AppDelegate.m */,
				7EECC6BA1AC2888D000CB48C /* ViewController.h */,
				7EECC6BB1AC2888D000CB48C /* ViewController.m */,
				7EECC6BD1AC2888D000CB48C /* Main.storyboard */,
				7EECC6C01AC2888D000CB48C /* Images.xcassets */,
				7EECC6C21AC2888D000CB48C /* LaunchScreen.xib */,
				7EECC6B31AC2888D000CB48C /* Supporting Files */,
			);
			path = ProjectDemo;
			sourceTree = "<group>";
		};
		7EECC6B31AC2888D000CB48C /* Supporting Files */ = {
			isa = PBXGroup;
			children = (
				7EECC6B41AC2888D000CB48C /* Info.plist */,
				7EECC6B51AC2888D000CB48C /* main.m */,
			);
			name = "Supporting Files";
			sourceTree = "<group>";
		};
		7EECC6CC1AC2888D000CB48C /* ProjectDemoTests */ = {
			isa = PBXGroup;
			children = (
				7EECC6CF1AC2888D000CB48C /* ProjectDemoTests.m */,
				7EECC6CD1AC2888D000CB48C /* Supporting Files */,
			);
			path = ProjectDemoTests;
			sourceTree = "<group>";
		};
		7EECC6CD1AC2888D000CB48C /* Supporting Files */ = {
			isa = PBXGroup;
			children = (
				7EECC6CE1AC2888D000CB48C /* Info.plist */,
			);
			name = "Supporting Files";
			sourceTree = "<group>";
		};
/* End PBXGroup section */

/* Begin PBXNativeTarget section */
		7EECC6AF1AC2888D000CB48C /* ProjectDemo */ = {
			isa = PBXNativeTarget;
			buildConfigurationList = 7EECC6D31AC2888D000CB48C /* Build configuration list for PBXNativeTarget "ProjectDemo" */;
			buildPhases = (
				7EECC6AC1AC2888D000CB48C /* Sources */,
				7EECC6AD1AC2888D000CB48C /* Frameworks */,
				7EECC6AE1AC2888D000CB48C /* Resources */,
			);
			buildRules = (
			);
			dependencies = (
			);
			name = ProjectDemo;
			productName = ProjectDemo;
			productReference = 7EECC6B01AC2888D000CB48C /* ProjectDemo.app */;
			productType = "com.apple.product-type.application";
		};
		7EECC6C81AC2888D000CB48C /* ProjectDemoTests */ = {
			isa = PBXNativeTarget;
			buildConfigurationList = 7EECC6D61AC2888D000CB48C /* Build configuration list for PBXNativeTarget "ProjectDemoTests" */;
			buildPhases = (
				7EECC6C51AC2888D000CB48C /* Sources */,
				7EECC6C61AC2888D000CB48C /* Frameworks */,
				7EECC6C71AC2888D000CB48C /* Resources */,
			);
			buildRules = (
			);
			dependencies = (
				7EECC6CB1AC2888D000CB48C /* PBXTargetDependency */,
			);
			name = ProjectDemoTests;
			productName = ProjectDemoTests;
			productReference = 7EECC6C91AC2888D000CB48C /* ProjectDemoTests.xctest */;
			productType = "com.apple.product-type.bundle.unit-test";
		};
/* End PBXNativeTarget section */

/* Begin PBXProject section */
		7EECC6A81AC2888C000CB48C /* Project object */ = {
			isa = PBXProject;
			attributes = {
				LastUpgradeCheck = 0620;
				ORGANIZATIONNAME = dse12345z;
				TargetAttributes = {
					7EECC6AF1AC2888D000CB48C = {
						CreatedOnToolsVersion = 6.2;
					};
					7EECC6C81AC2888D000CB48C = {
						CreatedOnToolsVersion = 6.2;
						TestTargetID = 7EECC6AF1AC2888D000CB48C;
					};
				};
			};
			buildConfigurationList = 7EECC6AB1AC2888D000CB48C /* Build configuration list for PBXProject "ProjectDemo" */;
			compatibilityVersion = "Xcode 3.2";
			developmentRegion = English;
			hasScannedForEncodings = 0;
			knownRegions = (
				en,
				Base,
			);
			mainGroup = 7EECC6A71AC2888C000CB48C;
			productRefGroup = 7EECC6B11AC2888D000CB48C /* Products */;
			projectDirPath = "";
			projectRoot = "";
			targets = (
				7EECC6AF1AC2888D000CB48C /* ProjectDemo */,
				7EECC6C81AC2888D000CB48C /* ProjectDemoTests */,
			);
		};
/* End PBXProject section */

/* Begin PBXResourcesBuildPhase section */
		7EECC6AE1AC2888D000CB48C /* Resources */ = {
			isa = PBXResourcesBuildPhase;
			buildActionMask = 2147483647;
			files = (
				7EECC6BF1AC2888D000CB48C /* Main.storyboard in Resources */,
				7EECC6C41AC2888D000CB48C /* LaunchScreen.xib in Resources */,
				7EECC6C11AC2888D000CB48C /* Images.xcassets in Resources */,
			);
			runOnlyForDeploymentPostprocessing = 0;
		};
		7EECC6C71AC2888D000CB48C /* Resources */ = {
			isa = PBXResourcesBuildPhase;
			buildActionMask = 2147483647;
			files = (
			);
			runOnlyForDeploymentPostprocessing = 0;
		};
/* End PBXResourcesBuildPhase section */

/* Begin PBXSourcesBuildPhase section */
		7EECC6AC1AC2888D000CB48C /* Sources */ = {
			isa = PBXSourcesBuildPhase;
			buildActionMask = 2147483647;
			files = (
				7EECC6BC1AC2888D000CB48C /* ViewController.m in Sources */,
				7EECC6B91AC2888D000CB48C /* AppDelegate.m in Sources */,
				7EECC6B61AC2888D000CB48C /* main.m in Sources */,
			);
			runOnlyForDeploymentPostprocessing = 0;
		};
		7EECC6C51AC2888D000CB48C /* Sources */ = {
			isa = PBXSourcesBuildPhase;
			buildActionMask = 2147483647;
			files = (
				7EECC6D01AC2888D000CB48C /* ProjectDemoTests.m in Sources */,
			);
			runOnlyForDeploymentPostprocessing = 0;
		};
/* End PBXSourcesBuildPhase section */

/* Begin PBXTargetDependency section */
		7EECC6CB1AC2888D000CB48C /* PBXTargetDependency */ = {
			isa = PBXTargetDependency;
			target = 7EECC6AF1AC2888D000CB48C /* ProjectDemo */;
			targetProxy = 7EECC6CA1AC2888D000CB48C /* PBXContainerItemProxy */;
		};
/* End PBXTargetDependency section */

/* Begin PBXVariantGroup section */
		7EECC6BD1AC2888D000CB48C /* Main.storyboard */ = {
			isa = PBXVariantGroup;
			children = (
				7EECC6BE1AC2888D000CB48C /* Base */,
			);
			name = Main.storyboard;
			sourceTree = "<group>";
		};
		7EECC6C21AC2888D000CB48C /* LaunchScreen.xib */ = {
			isa = PBXVariantGroup;
			children = (
				7EECC6C31AC2888D000CB48C /* Base */,
			);
			name = LaunchScreen.xib;
			sourceTree = "<group>";
		};
/* End PBXVariantGroup section */

/* Begin XCBuildConfiguration section */
		7EECC6D11AC2888D000CB48C /* Debug */ = {
			isa = XCBuildConfiguration;
			buildSettings = {
				ALWAYS_SEARCH_USER_PATHS = NO;
				CLANG_CXX_LANGUAGE_STANDARD = "gnu++0x";
				CLANG_CXX_LIBRARY = "libc++";
				CLANG_ENABLE_MODULES = YES;
				CLANG_ENABLE_OBJC_ARC = YES;
				CLANG_WARN_BOOL_CONVERSION = YES;
				CLANG_WARN_CONSTANT_CONVERSION = YES;
				CLANG_WARN_DIRECT_OBJC_ISA_USAGE = YES_ERROR;
				CLANG_WARN_EMPTY_BODY = YES;
				CLANG_WARN_ENUM_CONVERSION = YES;
				CLANG_WARN_INT_CONVERSION = YES;
				CLANG_WARN_OBJC_ROOT_CLASS = YES_ERROR;
				CLANG_WARN_UNREACHABLE_CODE = YES;
				CLANG_WARN__DUPLICATE_METHOD_MATCH = YES;
				"CODE_SIGN_IDENTITY[sdk=iphoneos*]" = "iPhone Developer";
				COPY_PHASE_STRIP = NO;
				ENABLE_STRICT_OBJC_MSGSEND = YES;
				GCC_C_LANGUAGE_STANDARD = gnu99;
				GCC_DYNAMIC_NO_PIC = NO;
				GCC_OPTIMIZATION_LEVEL = 0;
				GCC_PREPROCESSOR_DEFINITIONS = (
					"DEBUG=1",
					"$(inherited)",
				);
				GCC_SYMBOLS_PRIVATE_EXTERN = NO;
				GCC_WARN_64_TO_32_BIT_CONVERSION = YES;
				GCC_WARN_ABOUT_RETURN_TYPE = YES_ERROR;
				GCC_WARN_UNDECLARED_SELECTOR = YES;
				GCC_WARN_UNINITIALIZED_AUTOS = YES_AGGRESSIVE;
				GCC_WARN_UNUSED_FUNCTION = YES;
				GCC_WARN_UNUSED_VARIABLE = YES;
				IPHONEOS_DEPLOYMENT_TARGET = 8.2;
				MTL_ENABLE_DEBUG_INFO = YES;
				ONLY_ACTIVE_ARCH = YES;
				SDKROOT = iphoneos;
			};
			name = Debug;
		};
		7EECC6D21AC2888D000CB48C /* Release */ = {
			isa = XCBuildConfiguration;
			buildSettings = {
				ALWAYS_SEARCH_USER_PATHS = NO;
				CLANG_CXX_LANGUAGE_STANDARD = "gnu++0x";
				CLANG_CXX_LIBRARY = "libc++";
				CLANG_ENABLE_MODULES = YES;
				CLANG_ENABLE_OBJC_ARC = YES;
				CLANG_WARN_BOOL_CONVERSION = YES;
				CLANG_WARN_CONSTANT_CONVERSION = YES;
				CLANG_WARN_DIRECT_OBJC_ISA_USAGE = YES_ERROR;
				CLANG_WARN_EMPTY_BODY = YES;
				CLANG_WARN_ENUM_CONVERSION = YES;
				CLANG_WARN_INT_CONVERSION = YES;
				CLANG_WARN_OBJC_ROOT_CLASS = YES_ERROR;
				CLANG_WARN_UNREACHABLE_CODE = YES;
				CLANG_WARN__DUPLICATE_METHOD_MATCH = YES;
				"CODE_SIGN_IDENTITY[sdk=iphoneos*]" = "iPhone Developer";
				COPY_PHASE_STRIP = NO;
				ENABLE_NS_ASSERTIONS = NO;
				ENABLE_STRICT_OBJC_MSGSEND = YES;
				GCC_C_LANGUAGE_STANDARD = gnu99;
				GCC_WARN_64_TO_32_BIT_CONVERSION = YES;
				GCC_WARN_ABOUT_RETURN_TYPE = YES_ERROR;
				GCC_WARN_UNDECLARED_SELECTOR = YES;
				GCC_WARN_UNINITIALIZED_AUTOS = YES_AGGRESSIVE;
				GCC_WARN_UNUSED_FUNCTION = YES;
				GCC_WARN_UNUSED_VARIABLE = YES;
				IPHONEOS_DEPLOYMENT_TARGET = 8.2;
				MTL_ENABLE_DEBUG_INFO = NO;
				SDKROOT = iphoneos;
				VALIDATE_PRODUCT = YES;
			};
			name = Release;
		};
		7EECC6D41AC2888D000CB48C /* Debug */ = {
			isa = XCBuildConfiguration;
			buildSettings = {
				ASSETCATALOG_COMPILER_APPICON_NAME = AppIcon;
				INFOPLIST_FILE = ProjectDemo/Info.plist;
				LD_RUNPATH_SEARCH_PATHS = "$(inherited) @executable_path/Frameworks";
				PRODUCT_NAME = "$(TARGET_NAME)";
			};
			name = Debug;
		};
		7EECC6D51AC2888D000CB48C /* Release */ = {
			isa = XCBuildConfiguration;
			buildSettings = {
				ASSETCATALOG_COMPILER_APPICON_NAME = AppIcon;
				INFOPLIST_FILE = ProjectDemo/Info.plist;
				LD_RUNPATH_SEARCH_PATHS = "$(inherited) @executable_path/Frameworks";
				PRODUCT_NAME = "$(TARGET_NAME)";
			};
			name = Release;
		};
		7EECC6D71AC2888D000CB48C /* Debug */ = {
			isa = XCBuildConfiguration;
			buildSettings = {
				BUNDLE_LOADER = "$(TEST_HOST)";
				FRAMEWORK_SEARCH_PATHS = (
					"$(SDKROOT)/Developer/Library/Frameworks",
					"$(inherited)",
				);
				GCC_PREPROCESSOR_DEFINITIONS = (
					"DEBUG=1",
					"$(inherited)",
				);
				INFOPLIST_FILE = ProjectDemoTests/Info.plist;
				LD_RUNPATH_SEARCH_PATHS = "$(inherited) @executable_path/Frameworks @loader_path/Frameworks";
				PRODUCT_NAME = "$(TARGET_NAME)";
				TEST_HOST = "$(BUILT_PRODUCTS_DIR)/ProjectDemo.app/ProjectDemo";
			};
			name = Debug;
		};
		7EECC6D81AC2888D000CB48C /* Release */ = {
			isa = XCBuildConfiguration;
			buildSettings = {
				BUNDLE_LOADER = "$(TEST_HOST)";
				FRAMEWORK_SEARCH_PATHS = (
					"$(SDKROOT)/Developer/Library/Frameworks",
					"$(inherited)",
				);
				INFOPLIST_FILE = ProjectDemoTests/Info.plist;
				LD_RUNPATH_SEARCH_PATHS = "$(inherited) @executable_path/Frameworks @loader_path/Frameworks";
				PRODUCT_NAME = "$(TARGET_NAME)";
				TEST_HOST = "$(BUILT_PRODUCTS_DIR)/ProjectDemo.app/ProjectDemo";
			};
			name = Release;
		};
/* End XCBuildConfiguration section */

/* Begin XCConfigurationList section */
		7EECC6AB1AC2888D000CB48C /* Build configuration list for PBXProject "ProjectDemo" */ = {
			isa = XCConfigurationList;
			buildConfigurations = (
				7EECC6D11AC2888D000CB48C /* Debug */,
				7EECC6D21AC2888D000CB48C /* Release */,
			);
			defaultConfigurationIsVisible = 0;
			defaultConfigurationName = Release;
		};
		7EECC6D31AC2888D000CB48C /* Build configuration list for PBXNativeTarget "ProjectDemo" */ = {
			isa = XCConfigurationList;
			buildConfigurations = (
				7EECC6D41AC2888D000CB48C /* Debug */,
				7EECC6D51AC2888D000CB48C /* Release */,
			);
			defaultConfigurationIsVisible = 0;
		};
		7EECC6D61AC2888D000CB48C /* Build configuration list for PBXNativeTarget "ProjectDemoTests" */ = {
			isa = XCConfigurationList;
			buildConfigurations = (
				7EECC6D71AC2888D000CB48C /* Debug */,
				7EECC6D81AC2888D000CB48C /* Release */,
			);
			defaultConfigurationIsVisible = 0;
		};
/* End XCConfigurationList section */
	};
	rootObject = 7EECC6A81AC2888C000CB48C /* Project object */;
}
